
Microsoft Visual Studio Solution File, Format Version 12.00
Project("{FAE04EC0-301F-11D3-BF4B-00C04F79EFBC}") = "KafkaRestProducer", "KafkaRestProducer\KafkaRestProducer.csproj", "{1389CA9D-A8B6-4A13-8381-C2C38D438C8C}"
EndProject
Project("{2150E333-8FDC-42A3-9474-1A3956D46DE8}") = "source", "source", "{198522E5-47C8-4AEB-AF19-B603A04E4316}"
EndProject
Project("{2150E333-8FDC-42A3-9474-1A3956D46DE8}") = "build", "build", "{6D29999A-5A4F-4388-9791-BC61257721F7}"
	ProjectSection(SolutionItems) = preProject
		..\Dockerfile = ..\Dockerfile
		..\Makefile = ..\Makefile
		..\docker-compose.yml = ..\docker-compose.yml
	EndProjectSection
EndProject
Global
	GlobalSection(SolutionConfigurationPlatforms) = preSolution
		Debug|Any CPU = Debug|Any CPU
		Release|Any CPU = Release|Any CPU
	EndGlobalSection
	GlobalSection(ProjectConfigurationPlatforms) = postSolution
		{1389CA9D-A8B6-4A13-8381-C2C38D438C8C}.Debug|Any CPU.ActiveCfg = Debug|Any CPU
		{1389CA9D-A8B6-4A13-8381-C2C38D438C8C}.Debug|Any CPU.Build.0 = Debug|Any CPU
		{1389CA9D-A8B6-4A13-8381-C2C38D438C8C}.Release|Any CPU.ActiveCfg = Release|Any CPU
		{1389CA9D-A8B6-4A13-8381-C2C38D438C8C}.Release|Any CPU.Build.0 = Release|Any CPU
	EndGlobalSection
	GlobalSection(NestedProjects) = preSolution
		{1389CA9D-A8B6-4A13-8381-C2C38D438C8C} = {198522E5-47C8-4AEB-AF19-B603A04E4316}
	EndGlobalSection
EndGlobal
